{
  "version": 4,
  "terraform_version": "1.14.6",
  "serial": 10,
  "lineage": "a1b23699-52bd-b0a3-01a4-f1e02a54ceba",
  "outputs": {
    "github-actions-role-arn": {
      "value": "arn:aws:iam::737026300147:role/github-actions-deployment-role",
      "type": "string"
    }
  },
  "resources": [
    {
      "mode": "managed",
      "type": "aws_iam_openid_connect_provider",
      "name": "github-oidc-provider",
      "provider": "provider[\"registry.terraform.io/hashicorp/aws\"]",
      "instances": [
        {
          "schema_version": 0,
          "attributes": {
            "arn": "arn:aws:iam::737026300147:oidc-provider/token.actions.githubusercontent.com",
            "client_id_list": [
              "sts.amazonaws.com"
            ],
            "id": "arn:aws:iam::737026300147:oidc-provider/token.actions.githubusercontent.com",
            "tags": {
              "Environment": "dev",
              "ManagedBy": "CDKTF",
              "Name": "github-actions-oidc-provider",
              "Project": "express-app"
            },
            "tags_all": {
              "Environment": "dev",
              "ManagedBy": "CDKTF",
              "Name": "github-actions-oidc-provider",
              "Project": "express-app"
            },
            "thumbprint_list": [
              "6938fd4d98bab03faadb97b34396831e3780aea1",
              "1c58a3a8518e8759bf075b76b750d4f2df264fcd"
            ],
            "url": "token.actions.githubusercontent.com"
          },
          "sensitive_attributes": [],
          "identity_schema_version": 0,
          "identity": {
            "arn": "arn:aws:iam::737026300147:oidc-provider/token.actions.githubusercontent.com"
          },
          "private": "bnVsbA=="
        }
      ]
    },
    {
      "mode": "managed",
      "type": "aws_iam_policy",
      "name": "ecr-policy",
      "provider": "provider[\"registry.terraform.io/hashicorp/aws\"]",
      "instances": [
        {
          "schema_version": 0,
          "attributes": {
            "arn": "arn:aws:iam::737026300147:policy/github-actions-ecr-policy",
            "attachment_count": 1,
            "description": "Allow GitHub Actions to push to ECR",
            "id": "arn:aws:iam::737026300147:policy/github-actions-ecr-policy",
            "name": "github-actions-ecr-policy",
            "name_prefix": "",
            "path": "/",
            "policy": "{\"Statement\":[{\"Action\":[\"ecr:GetAuthorizationToken\"],\"Effect\":\"Allow\",\"Resource\":\"*\"},{\"Action\":[\"ecr:BatchCheckLayerAvailability\",\"ecr:GetDownloadUrlForLayer\",\"ecr:BatchGetImage\",\"ecr:PutImage\",\"ecr:InitiateLayerUpload\",\"ecr:UploadLayerPart\",\"ecr:CompleteLayerUpload\",\"ecr:DescribeImages\",\"ecr:DescribeImageScanFindings\"],\"Effect\":\"Allow\",\"Resource\":\"arn:aws:ecr:us-east-2:737026300147:repository/*\"}],\"Version\":\"2012-10-17\"}",
            "policy_id": "ANPA2XGRQ3DZXIKFQLKQF",
            "tags": {
              "Environment": "dev",
              "ManagedBy": "CDKTF",
              "Project": "express-app"
            },
            "tags_all": {
              "Environment": "dev",
              "ManagedBy": "CDKTF",
              "Project": "express-app"
            }
          },
          "sensitive_attributes": [],
          "identity_schema_version": 0,
          "identity": {
            "arn": "arn:aws:iam::737026300147:policy/github-actions-ecr-policy"
          },
          "private": "bnVsbA=="
        }
      ]
    },
    {
      "mode": "managed",
      "type": "aws_iam_policy",
      "name": "ecs-policy",
      "provider": "provider[\"registry.terraform.io/hashicorp/aws\"]",
      "instances": [
        {
          "schema_version": 0,
          "attributes": {
            "arn": "arn:aws:iam::737026300147:policy/github-actions-ecs-policy",
            "attachment_count": 1,
            "description": "Allow GitHub Actions to update ECS services",
            "id": "arn:aws:iam::737026300147:policy/github-actions-ecs-policy",
            "name": "github-actions-ecs-policy",
            "name_prefix": "",
            "path": "/",
            "policy": "{\"Statement\":[{\"Action\":[\"ecs:UpdateService\",\"ecs:DescribeServices\",\"ecs:DescribeTaskDefinition\",\"ecs:RegisterTaskDefinition\",\"ecs:ListTasks\",\"ecs:DescribeTasks\"],\"Effect\":\"Allow\",\"Resource\":\"*\"},{\"Action\":[\"iam:PassRole\"],\"Effect\":\"Allow\",\"Resource\":[\"arn:aws:iam::737026300147:role/express-app-*-task-execution-role\",\"arn:aws:iam::737026300147:role/express-app-*-task-role\"]}],\"Version\":\"2012-10-17\"}",
            "policy_id": "ANPA2XGRQ3DZWTMH2GUAH",
            "tags": {
              "Environment": "dev",
              "ManagedBy": "CDKTF",
              "Project": "express-app"
            },
            "tags_all": {
              "Environment": "dev",
              "ManagedBy": "CDKTF",
              "Project": "express-app"
            }
          },
          "sensitive_attributes": [],
          "identity_schema_version": 0,
          "identity": {
            "arn": "arn:aws:iam::737026300147:policy/github-actions-ecs-policy"
          },
          "private": "bnVsbA=="
        }
      ]
    },
    {
      "mode": "managed",
      "type": "aws_iam_policy",
      "name": "logs-policy",
      "provider": "provider[\"registry.terraform.io/hashicorp/aws\"]",
      "instances": [
        {
          "schema_version": 0,
          "attributes": {
            "arn": "arn:aws:iam::737026300147:policy/github-actions-logs-policy",
            "attachment_count": 1,
            "description": "Allow GitHub Actions to read CloudWatch logs",
            "id": "arn:aws:iam::737026300147:policy/github-actions-logs-policy",
            "name": "github-actions-logs-policy",
            "name_prefix": "",
            "path": "/",
            "policy": "{\"Statement\":[{\"Action\":[\"logs:FilterLogEvents\",\"logs:GetLogEvents\",\"logs:DescribeLogStreams\"],\"Effect\":\"Allow\",\"Resource\":\"arn:aws:logs:us-east-2:737026300147:log-group:/ecs/*\"}],\"Version\":\"2012-10-17\"}",
            "policy_id": "ANPA2XGRQ3DZZFZEEIJLD",
            "tags": {
              "Environment": "dev",
              "ManagedBy": "CDKTF",
              "Project": "express-app"
            },
            "tags_all": {
              "Environment": "dev",
              "ManagedBy": "CDKTF",
              "Project": "express-app"
            }
          },
          "sensitive_attributes": [],
          "identity_schema_version": 0,
          "identity": {
            "arn": "arn:aws:iam::737026300147:policy/github-actions-logs-policy"
          },
          "private": "bnVsbA=="
        }
      ]
    },
    {
      "mode": "managed",
      "type": "aws_iam_role",
      "name": "github-actions-role",
      "provider": "provider[\"registry.terraform.io/hashicorp/aws\"]",
      "instances": [
        {
          "schema_version": 0,
          "attributes": {
            "arn": "arn:aws:iam::737026300147:role/github-actions-deployment-role",
            "assume_role_policy": "{\"Statement\":[{\"Action\":\"sts:AssumeRoleWithWebIdentity\",\"Condition\":{\"StringEquals\":{\"token.actions.githubusercontent.com:aud\":\"sts.amazonaws.com\"},\"StringLike\":{\"token.actions.githubusercontent.com:sub\":[\"repo:chrisjamaica91/turbovets-assessment:*\",\"repo:chrisjamaica91/express-app-iac:*\"]}},\"Effect\":\"Allow\",\"Principal\":{\"Federated\":\"arn:aws:iam::737026300147:oidc-provider/token.actions.githubusercontent.com\"}}],\"Version\":\"2012-10-17\"}",
            "create_date": "2026-05-31T21:12:36Z",
            "description": "",
            "force_detach_policies": false,
            "id": "github-actions-deployment-role",
            "inline_policy": [],
            "managed_policy_arns": [
              "arn:aws:iam::737026300147:policy/github-actions-ecr-policy",
              "arn:aws:iam::737026300147:policy/github-actions-ecs-policy",
              "arn:aws:iam::737026300147:policy/github-actions-logs-policy"
            ],
            "max_session_duration": 3600,
            "name": "github-actions-deployment-role",
            "name_prefix": "",
            "path": "/",
            "permissions_boundary": "",
            "tags": {
              "Environment": "dev",
              "ManagedBy": "CDKTF",
              "Name": "github-actions-deployment-role",
              "Project": "express-app"
            },
            "tags_all": {
              "Environment": "dev",
              "ManagedBy": "CDKTF",
              "Name": "github-actions-deployment-role",
              "Project": "express-app"
            },
            "unique_id": "AROA2XGRQ3DZXGOFY2LKU"
          },
          "sensitive_attributes": [],
          "identity_schema_version": 0,
          "identity": {
            "account_id": "737026300147",
            "name": "github-actions-deployment-role"
          },
          "private": "bnVsbA==",
          "dependencies": [
            "aws_iam_openid_connect_provider.github-oidc-provider"
          ]
        }
      ]
    },
    {
      "mode": "managed",
      "type": "aws_iam_role_policy_attachment",
      "name": "ecr-policy-attachment",
      "provider": "provider[\"registry.terraform.io/hashicorp/aws\"]",
      "instances": [
        {
          "schema_version": 0,
          "attributes": {
            "id": "github-actions-deployment-role/arn:aws:iam::737026300147:policy/github-actions-ecr-policy",
            "policy_arn": "arn:aws:iam::737026300147:policy/github-actions-ecr-policy",
            "role": "github-actions-deployment-role"
          },
          "sensitive_attributes": [],
          "identity_schema_version": 0,
          "identity": {
            "account_id": "737026300147",
            "policy_arn": "arn:aws:iam::737026300147:policy/github-actions-ecr-policy",
            "role": "github-actions-deployment-role"
          },
          "private": "bnVsbA==",
          "dependencies": [
            "aws_iam_openid_connect_provider.github-oidc-provider",
            "aws_iam_policy.ecr-policy",
            "aws_iam_role.github-actions-role"
          ]
        }
      ]
    },
    {
      "mode": "managed",
      "type": "aws_iam_role_policy_attachment",
      "name": "ecs-policy-attachment",
      "provider": "provider[\"registry.terraform.io/hashicorp/aws\"]",
      "instances": [
        {
          "schema_version": 0,
          "attributes": {
            "id": "github-actions-deployment-role/arn:aws:iam::737026300147:policy/github-actions-ecs-policy",
            "policy_arn": "arn:aws:iam::737026300147:policy/github-actions-ecs-policy",
            "role": "github-actions-deployment-role"
          },
          "sensitive_attributes": [],
          "identity_schema_version": 0,
          "identity": {
            "account_id": "737026300147",
            "policy_arn": "arn:aws:iam::737026300147:policy/github-actions-ecs-policy",
            "role": "github-actions-deployment-role"
          },
          "private": "bnVsbA==",
          "dependencies": [
            "aws_iam_openid_connect_provider.github-oidc-provider",
            "aws_iam_policy.ecs-policy",
            "aws_iam_role.github-actions-role"
          ]
        }
      ]
    },
    {
      "mode": "managed",
      "type": "aws_iam_role_policy_attachment",
      "name": "logs-policy-attachment",
      "provider": "provider[\"registry.terraform.io/hashicorp/aws\"]",
      "instances": [
        {
          "schema_version": 0,
          "attributes": {
            "id": "github-actions-deployment-role/arn:aws:iam::737026300147:policy/github-actions-logs-policy",
            "policy_arn": "arn:aws:iam::737026300147:policy/github-actions-logs-policy",
            "role": "github-actions-deployment-role"
          },
          "sensitive_attributes": [],
          "identity_schema_version": 0,
          "identity": {
            "account_id": "737026300147",
            "policy_arn": "arn:aws:iam::737026300147:policy/github-actions-logs-policy",
            "role": "github-actions-deployment-role"
          },
          "private": "bnVsbA==",
          "dependencies": [
            "aws_iam_openid_connect_provider.github-oidc-provider",
            "aws_iam_policy.logs-policy",
            "aws_iam_role.github-actions-role"
          ]
        }
      ]
    }
  ],
  "check_results": null
}
