{
  "version": 4,
  "terraform_version": "1.14.6",
  "serial": 8,
  "lineage": "dc3e3076-088b-8b4b-7711-4ae4efdbcb27",
  "outputs": {
    "cross-stack-output-aws_iam_roletask-execution-rolearn": {
      "value": "arn:aws:iam::737026300147:role/express-app-dev-task-execution-role",
      "type": "string",
      "sensitive": true
    },
    "cross-stack-output-aws_iam_roletask-rolearn": {
      "value": "arn:aws:iam::737026300147:role/express-app-dev-task-role",
      "type": "string",
      "sensitive": true
    }
  },
  "resources": [
    {
      "mode": "managed",
      "type": "aws_iam_policy",
      "name": "task-execution-policy",
      "provider": "provider[\"registry.terraform.io/hashicorp/aws\"]",
      "instances": [
        {
          "schema_version": 0,
          "attributes": {
            "arn": "arn:aws:iam::737026300147:policy/express-app-dev-task-execution-policy",
            "attachment_count": 1,
            "description": "Additional permissions for ECS task execution",
            "id": "arn:aws:iam::737026300147:policy/express-app-dev-task-execution-policy",
            "name": "express-app-dev-task-execution-policy",
            "name_prefix": "",
            "path": "/",
            "policy": "{\"Statement\":[{\"Action\":[\"ecr:GetAuthorizationToken\",\"ecr:BatchCheckLayerAvailability\",\"ecr:GetDownloadUrlForLayer\",\"ecr:BatchGetImage\"],\"Effect\":\"Allow\",\"Resource\":\"arn:aws:ecr:us-east-2:737026300147:repository/express-app\"},{\"Action\":[\"ecr:GetAuthorizationToken\"],\"Effect\":\"Allow\",\"Resource\":\"*\"},{\"Action\":[\"logs:CreateLogStream\",\"logs:PutLogEvents\"],\"Effect\":\"Allow\",\"Resource\":\"arn:aws:logs:us-east-2:737026300147:log-group:/ecs/express-app-dev:*\"}],\"Version\":\"2012-10-17\"}",
            "policy_id": "ANPA2XGRQ3DZRN3M7AIMG",
            "tags": {
              "Environment": "dev",
              "ManagedBy": "CDKTF",
              "Project": "express-app"
            },
            "tags_all": {
              "Environment": "dev",
              "ManagedBy": "CDKTF",
              "Project": "express-app"
            }
          },
          "sensitive_attributes": [],
          "identity_schema_version": 0,
          "identity": {
            "arn": "arn:aws:iam::737026300147:policy/express-app-dev-task-execution-policy"
          },
          "private": "bnVsbA=="
        }
      ]
    },
    {
      "mode": "managed",
      "type": "aws_iam_policy",
      "name": "task-policy",
      "provider": "provider[\"registry.terraform.io/hashicorp/aws\"]",
      "instances": [
        {
          "schema_version": 0,
          "attributes": {
            "arn": "arn:aws:iam::737026300147:policy/express-app-dev-task-policy",
            "attachment_count": 1,
            "description": "Permissions for application code",
            "id": "arn:aws:iam::737026300147:policy/express-app-dev-task-policy",
            "name": "express-app-dev-task-policy",
            "name_prefix": "",
            "path": "/",
            "policy": "{\"Statement\":[{\"Action\":[\"logs:CreateLogGroup\",\"logs:CreateLogStream\",\"logs:PutLogEvents\"],\"Effect\":\"Allow\",\"Resource\":\"arn:aws:logs:us-east-2:737026300147:log-group:/ecs/express-app-dev:*\"}],\"Version\":\"2012-10-17\"}",
            "policy_id": "ANPA2XGRQ3DZ7J7Q2IK2O",
            "tags": {
              "Environment": "dev",
              "ManagedBy": "CDKTF",
              "Project": "express-app"
            },
            "tags_all": {
              "Environment": "dev",
              "ManagedBy": "CDKTF",
              "Project": "express-app"
            }
          },
          "sensitive_attributes": [],
          "identity_schema_version": 0,
          "identity": {
            "arn": "arn:aws:iam::737026300147:policy/express-app-dev-task-policy"
          },
          "private": "bnVsbA=="
        }
      ]
    },
    {
      "mode": "managed",
      "type": "aws_iam_role",
      "name": "task-execution-role",
      "provider": "provider[\"registry.terraform.io/hashicorp/aws\"]",
      "instances": [
        {
          "schema_version": 0,
          "attributes": {
            "arn": "arn:aws:iam::737026300147:role/express-app-dev-task-execution-role",
            "assume_role_policy": "{\"Statement\":[{\"Action\":\"sts:AssumeRole\",\"Effect\":\"Allow\",\"Principal\":{\"Service\":\"ecs-tasks.amazonaws.com\"}}],\"Version\":\"2012-10-17\"}",
            "create_date": "2026-05-31T19:18:56Z",
            "description": "",
            "force_detach_policies": false,
            "id": "express-app-dev-task-execution-role",
            "inline_policy": [],
            "managed_policy_arns": [
              "arn:aws:iam::737026300147:policy/express-app-dev-task-execution-policy",
              "arn:aws:iam::aws:policy/service-role/AmazonECSTaskExecutionRolePolicy"
            ],
            "max_session_duration": 3600,
            "name": "express-app-dev-task-execution-role",
            "name_prefix": "",
            "path": "/",
            "permissions_boundary": "",
            "tags": {
              "Environment": "dev",
              "ManagedBy": "CDKTF",
              "Name": "express-app-dev-task-execution-role",
              "Project": "express-app"
            },
            "tags_all": {
              "Environment": "dev",
              "ManagedBy": "CDKTF",
              "Name": "express-app-dev-task-execution-role",
              "Project": "express-app"
            },
            "unique_id": "AROA2XGRQ3DZ22URVUHIC"
          },
          "sensitive_attributes": [],
          "identity_schema_version": 0,
          "identity": {
            "account_id": "737026300147",
            "name": "express-app-dev-task-execution-role"
          },
          "private": "bnVsbA=="
        }
      ]
    },
    {
      "mode": "managed",
      "type": "aws_iam_role",
      "name": "task-role",
      "provider": "provider[\"registry.terraform.io/hashicorp/aws\"]",
      "instances": [
        {
          "schema_version": 0,
          "attributes": {
            "arn": "arn:aws:iam::737026300147:role/express-app-dev-task-role",
            "assume_role_policy": "{\"Statement\":[{\"Action\":\"sts:AssumeRole\",\"Effect\":\"Allow\",\"Principal\":{\"Service\":\"ecs-tasks.amazonaws.com\"}}],\"Version\":\"2012-10-17\"}",
            "create_date": "2026-05-31T19:18:56Z",
            "description": "",
            "force_detach_policies": false,
            "id": "express-app-dev-task-role",
            "inline_policy": [],
            "managed_policy_arns": [
              "arn:aws:iam::737026300147:policy/express-app-dev-task-policy"
            ],
            "max_session_duration": 3600,
            "name": "express-app-dev-task-role",
            "name_prefix": "",
            "path": "/",
            "permissions_boundary": "",
            "tags": {
              "Environment": "dev",
              "ManagedBy": "CDKTF",
              "Name": "express-app-dev-task-role",
              "Project": "express-app"
            },
            "tags_all": {
              "Environment": "dev",
              "ManagedBy": "CDKTF",
              "Name": "express-app-dev-task-role",
              "Project": "express-app"
            },
            "unique_id": "AROA2XGRQ3DZQJCPD56TO"
          },
          "sensitive_attributes": [],
          "identity_schema_version": 0,
          "identity": {
            "account_id": "737026300147",
            "name": "express-app-dev-task-role"
          },
          "private": "bnVsbA=="
        }
      ]
    },
    {
      "mode": "managed",
      "type": "aws_iam_role_policy_attachment",
      "name": "task-execution-custom-policy-attachment",
      "provider": "provider[\"registry.terraform.io/hashicorp/aws\"]",
      "instances": [
        {
          "schema_version": 0,
          "attributes": {
            "id": "express-app-dev-task-execution-role/arn:aws:iam::737026300147:policy/express-app-dev-task-execution-policy",
            "policy_arn": "arn:aws:iam::737026300147:policy/express-app-dev-task-execution-policy",
            "role": "express-app-dev-task-execution-role"
          },
          "sensitive_attributes": [],
          "identity_schema_version": 0,
          "identity": {
            "account_id": "737026300147",
            "policy_arn": "arn:aws:iam::737026300147:policy/express-app-dev-task-execution-policy",
            "role": "express-app-dev-task-execution-role"
          },
          "private": "bnVsbA==",
          "dependencies": [
            "aws_iam_policy.task-execution-policy",
            "aws_iam_role.task-execution-role"
          ]
        }
      ]
    },
    {
      "mode": "managed",
      "type": "aws_iam_role_policy_attachment",
      "name": "task-execution-policy-attachment",
      "provider": "provider[\"registry.terraform.io/hashicorp/aws\"]",
      "instances": [
        {
          "schema_version": 0,
          "attributes": {
            "id": "express-app-dev-task-execution-role/arn:aws:iam::aws:policy/service-role/AmazonECSTaskExecutionRolePolicy",
            "policy_arn": "arn:aws:iam::aws:policy/service-role/AmazonECSTaskExecutionRolePolicy",
            "role": "express-app-dev-task-execution-role"
          },
          "sensitive_attributes": [],
          "identity_schema_version": 0,
          "identity": {
            "account_id": "737026300147",
            "policy_arn": "arn:aws:iam::aws:policy/service-role/AmazonECSTaskExecutionRolePolicy",
            "role": "express-app-dev-task-execution-role"
          },
          "private": "bnVsbA==",
          "dependencies": [
            "aws_iam_role.task-execution-role"
          ]
        }
      ]
    },
    {
      "mode": "managed",
      "type": "aws_iam_role_policy_attachment",
      "name": "task-policy-attachment",
      "provider": "provider[\"registry.terraform.io/hashicorp/aws\"]",
      "instances": [
        {
          "schema_version": 0,
          "attributes": {
            "id": "express-app-dev-task-role/arn:aws:iam::737026300147:policy/express-app-dev-task-policy",
            "policy_arn": "arn:aws:iam::737026300147:policy/express-app-dev-task-policy",
            "role": "express-app-dev-task-role"
          },
          "sensitive_attributes": [],
          "identity_schema_version": 0,
          "identity": {
            "account_id": "737026300147",
            "policy_arn": "arn:aws:iam::737026300147:policy/express-app-dev-task-policy",
            "role": "express-app-dev-task-role"
          },
          "private": "bnVsbA==",
          "dependencies": [
            "aws_iam_policy.task-policy",
            "aws_iam_role.task-role"
          ]
        }
      ]
    }
  ],
  "check_results": null
}
